
Microsoft Visual Studio Solution File, Format Version 12.00
# Visual Studio Version 17
VisualStudioVersion = 17.0.31903.59
MinimumVisualStudioVersion = 10.0.40219.1
Project("{2150E333-8FDC-42A3-9474-1A3956D46DE8}") = "src", "src", "{4FC691C0-CFC2-497C-AF12-B105468E9BDF}"
EndProject
Project("{FAE04EC0-301F-11D3-BF4B-00C04F79EFBC}") = "Kairos.Api", "src\Api\Kairos.Api.csproj", "{35DDC84F-40F2-4AF4-827D-409526C49877}"
EndProject
Project("{FAE04EC0-301F-11D3-BF4B-00C04F79EFBC}") = "Kairos.Identity", "src\Identity\Kairos.Identity.csproj", "{EA66348D-484A-49E1-84F0-DE8E761AAAB3}"
EndProject
Global
	GlobalSection(SolutionConfigurationPlatforms) = preSolution
		Debug|Any CPU = Debug|Any CPU
		Release|Any CPU = Release|Any CPU
	EndGlobalSection
	GlobalSection(SolutionProperties) = preSolution
		HideSolutionNode = FALSE
	EndGlobalSection
	GlobalSection(ProjectConfigurationPlatforms) = postSolution
		{35DDC84F-40F2-4AF4-827D-409526C49877}.Debug|Any CPU.ActiveCfg = Debug|Any CPU
		{35DDC84F-40F2-4AF4-827D-409526C49877}.Debug|Any CPU.Build.0 = Debug|Any CPU
		{35DDC84F-40F2-4AF4-827D-409526C49877}.Release|Any CPU.ActiveCfg = Release|Any CPU
		{35DDC84F-40F2-4AF4-827D-409526C49877}.Release|Any CPU.Build.0 = Release|Any CPU
		{EA66348D-484A-49E1-84F0-DE8E761AAAB3}.Debug|Any CPU.ActiveCfg = Debug|Any CPU
		{EA66348D-484A-49E1-84F0-DE8E761AAAB3}.Debug|Any CPU.Build.0 = Debug|Any CPU
		{EA66348D-484A-49E1-84F0-DE8E761AAAB3}.Release|Any CPU.ActiveCfg = Release|Any CPU
		{EA66348D-484A-49E1-84F0-DE8E761AAAB3}.Release|Any CPU.Build.0 = Release|Any CPU
	EndGlobalSection
	GlobalSection(NestedProjects) = preSolution
		{35DDC84F-40F2-4AF4-827D-409526C49877} = {4FC691C0-CFC2-497C-AF12-B105468E9BDF}
		{EA66348D-484A-49E1-84F0-DE8E761AAAB3} = {4FC691C0-CFC2-497C-AF12-B105468E9BDF}
	EndGlobalSection
EndGlobal
